
Microsoft Visual Studio Solution File, Format Version 12.00
# Visual Studio Version 17
VisualStudioVersion = 17.1.32210.238
MinimumVisualStudioVersion = 10.0.40219.1
Project("{FAE04EC0-301F-11D3-BF4B-00C04F79EFBC}") = "ULALA", "ULALA\ULALA.csproj", "{2C4BBD3B-DD4A-462B-8884-3FC8AD86142E}"
EndProject
Project("{FAE04EC0-301F-11D3-BF4B-00C04F79EFBC}") = "ULALA.UI.Core", "ULALA.UI.Core\ULALA.UI.Core.csproj", "{58186948-4305-4455-85D8-5F7D540643AF}"
EndProject
Project("{FAE04EC0-301F-11D3-BF4B-00C04F79EFBC}") = "ULALA.UI.Core.Contracts", "ULALA.UI.Core.Contracts\ULALA.UI.Core.Contracts.csproj", "{389388FD-CC17-4EBF-931F-6FF1094B01BB}"
EndProject
Project("{FAE04EC0-301F-11D3-BF4B-00C04F79EFBC}") = "ULALA.Infrastructure.Contracts", "ULALA.Infrastructure.Contracts\ULALA.Infrastructure.Contracts.csproj", "{173227F6-1A77-480B-BA20-018F7E8C7701}"
EndProject
Project("{FAE04EC0-301F-11D3-BF4B-00C04F79EFBC}") = "ULALA.Infrastructure", "ULALA.Infrastructure\ULALA.Infrastructure.csproj", "{F16B67FF-93DD-4D04-9AC2-7CD6649EA684}"
EndProject
Project("{FAE04EC0-301F-11D3-BF4B-00C04F79EFBC}") = "ULALA.Core.Contracts", "ULALA.Core.Contracts\ULALA.Core.Contracts.csproj", "{D575C751-267B-4514-AE55-B3AE21C8D683}"
EndProject
Project("{FAE04EC0-301F-11D3-BF4B-00C04F79EFBC}") = "ULALA.Core", "ULALA.Core\ULALA.Core.csproj", "{4D067CFB-DF21-4040-B274-6573C01F5F59}"
EndProject
Project("{FAE04EC0-301F-11D3-BF4B-00C04F79EFBC}") = "ULALA.Services.Contracts", "ULALA.Services.Contracts\ULALA.Services.Contracts.csproj", "{2545D2DE-05FE-4D0D-A36D-E65FECD7596A}"
EndProject
Project("{FAE04EC0-301F-11D3-BF4B-00C04F79EFBC}") = "ULALA.Services", "ULALA.Services\ULALA.Services.csproj", "{D1D482C6-75AA-4EF9-BB67-1946223BC8E5}"
EndProject
Global
	GlobalSection(SolutionConfigurationPlatforms) = preSolution
		Debug|Any CPU = Debug|Any CPU
		Debug|ARM = Debug|ARM
		Debug|ARM64 = Debug|ARM64
		Debug|x64 = Debug|x64
		Debug|x86 = Debug|x86
		Release|Any CPU = Release|Any CPU
		Release|ARM = Release|ARM
		Release|ARM64 = Release|ARM64
		Release|x64 = Release|x64
		Release|x86 = Release|x86
	EndGlobalSection
	GlobalSection(ProjectConfigurationPlatforms) = postSolution
		{2C4BBD3B-DD4A-462B-8884-3FC8AD86142E}.Debug|Any CPU.ActiveCfg = Debug|x86
		{2C4BBD3B-DD4A-462B-8884-3FC8AD86142E}.Debug|Any CPU.Build.0 = Debug|x86
		{2C4BBD3B-DD4A-462B-8884-3FC8AD86142E}.Debug|Any CPU.Deploy.0 = Debug|x86
		{2C4BBD3B-DD4A-462B-8884-3FC8AD86142E}.Debug|ARM.ActiveCfg = Debug|ARM
		{2C4BBD3B-DD4A-462B-8884-3FC8AD86142E}.Debug|ARM.Build.0 = Debug|ARM
		{2C4BBD3B-DD4A-462B-8884-3FC8AD86142E}.Debug|ARM.Deploy.0 = Debug|ARM
		{2C4BBD3B-DD4A-462B-8884-3FC8AD86142E}.Debug|ARM64.ActiveCfg = Debug|ARM64
		{2C4BBD3B-DD4A-462B-8884-3FC8AD86142E}.Debug|ARM64.Build.0 = Debug|ARM64
		{2C4BBD3B-DD4A-462B-8884-3FC8AD86142E}.Debug|ARM64.Deploy.0 = Debug|ARM64
		{2C4BBD3B-DD4A-462B-8884-3FC8AD86142E}.Debug|x64.ActiveCfg = Debug|x64
		{2C4BBD3B-DD4A-462B-8884-3FC8AD86142E}.Debug|x64.Build.0 = Debug|x64
		{2C4BBD3B-DD4A-462B-8884-3FC8AD86142E}.Debug|x64.Deploy.0 = Debug|x64
		{2C4BBD3B-DD4A-462B-8884-3FC8AD86142E}.Debug|x86.ActiveCfg = Debug|x86
		{2C4BBD3B-DD4A-462B-8884-3FC8AD86142E}.Debug|x86.Build.0 = Debug|x86
		{2C4BBD3B-DD4A-462B-8884-3FC8AD86142E}.Debug|x86.Deploy.0 = Debug|x86
		{2C4BBD3B-DD4A-462B-8884-3FC8AD86142E}.Release|Any CPU.ActiveCfg = Release|x86
		{2C4BBD3B-DD4A-462B-8884-3FC8AD86142E}.Release|ARM.ActiveCfg = Release|ARM
		{2C4BBD3B-DD4A-462B-8884-3FC8AD86142E}.Release|ARM.Build.0 = Release|ARM
		{2C4BBD3B-DD4A-462B-8884-3FC8AD86142E}.Release|ARM.Deploy.0 = Release|ARM
		{2C4BBD3B-DD4A-462B-8884-3FC8AD86142E}.Release|ARM64.ActiveCfg = Release|ARM64
		{2C4BBD3B-DD4A-462B-8884-3FC8AD86142E}.Release|ARM64.Build.0 = Release|ARM64
		{2C4BBD3B-DD4A-462B-8884-3FC8AD86142E}.Release|ARM64.Deploy.0 = Release|ARM64
		{2C4BBD3B-DD4A-462B-8884-3FC8AD86142E}.Release|x64.ActiveCfg = Release|x64
		{2C4BBD3B-DD4A-462B-8884-3FC8AD86142E}.Release|x64.Build.0 = Release|x64
		{2C4BBD3B-DD4A-462B-8884-3FC8AD86142E}.Release|x64.Deploy.0 = Release|x64
		{2C4BBD3B-DD4A-462B-8884-3FC8AD86142E}.Release|x86.ActiveCfg = Release|x86
		{2C4BBD3B-DD4A-462B-8884-3FC8AD86142E}.Release|x86.Build.0 = Release|x86
		{2C4BBD3B-DD4A-462B-8884-3FC8AD86142E}.Release|x86.Deploy.0 = Release|x86
		{58186948-4305-4455-85D8-5F7D540643AF}.Debug|Any CPU.ActiveCfg = Debug|Any CPU
		{58186948-4305-4455-85D8-5F7D540643AF}.Debug|Any CPU.Build.0 = Debug|Any CPU
		{58186948-4305-4455-85D8-5F7D540643AF}.Debug|ARM.ActiveCfg = Debug|ARM
		{58186948-4305-4455-85D8-5F7D540643AF}.Debug|ARM.Build.0 = Debug|ARM
		{58186948-4305-4455-85D8-5F7D540643AF}.Debug|ARM64.ActiveCfg = Debug|ARM64
		{58186948-4305-4455-85D8-5F7D540643AF}.Debug|ARM64.Build.0 = Debug|ARM64
		{58186948-4305-4455-85D8-5F7D540643AF}.Debug|x64.ActiveCfg = Debug|x64
		{58186948-4305-4455-85D8-5F7D540643AF}.Debug|x64.Build.0 = Debug|x64
		{58186948-4305-4455-85D8-5F7D540643AF}.Debug|x86.ActiveCfg = Debug|x86
		{58186948-4305-4455-85D8-5F7D540643AF}.Debug|x86.Build.0 = Debug|x86
		{58186948-4305-4455-85D8-5F7D540643AF}.Release|Any CPU.ActiveCfg = Release|Any CPU
		{58186948-4305-4455-85D8-5F7D540643AF}.Release|Any CPU.Build.0 = Release|Any CPU
		{58186948-4305-4455-85D8-5F7D540643AF}.Release|ARM.ActiveCfg = Release|ARM
		{58186948-4305-4455-85D8-5F7D540643AF}.Release|ARM.Build.0 = Release|ARM
		{58186948-4305-4455-85D8-5F7D540643AF}.Release|ARM64.ActiveCfg = Release|ARM64
		{58186948-4305-4455-85D8-5F7D540643AF}.Release|ARM64.Build.0 = Release|ARM64
		{58186948-4305-4455-85D8-5F7D540643AF}.Release|x64.ActiveCfg = Release|x64
		{58186948-4305-4455-85D8-5F7D540643AF}.Release|x64.Build.0 = Release|x64
		{58186948-4305-4455-85D8-5F7D540643AF}.Release|x86.ActiveCfg = Release|x86
		{58186948-4305-4455-85D8-5F7D540643AF}.Release|x86.Build.0 = Release|x86
		{389388FD-CC17-4EBF-931F-6FF1094B01BB}.Debug|Any CPU.ActiveCfg = Debug|Any CPU
		{389388FD-CC17-4EBF-931F-6FF1094B01BB}.Debug|Any CPU.Build.0 = Debug|Any CPU
		{389388FD-CC17-4EBF-931F-6FF1094B01BB}.Debug|ARM.ActiveCfg = Debug|ARM
		{389388FD-CC17-4EBF-931F-6FF1094B01BB}.Debug|ARM.Build.0 = Debug|ARM
		{389388FD-CC17-4EBF-931F-6FF1094B01BB}.Debug|ARM64.ActiveCfg = Debug|ARM64
		{389388FD-CC17-4EBF-931F-6FF1094B01BB}.Debug|ARM64.Build.0 = Debug|ARM64
		{389388FD-CC17-4EBF-931F-6FF1094B01BB}.Debug|x64.ActiveCfg = Debug|x64
		{389388FD-CC17-4EBF-931F-6FF1094B01BB}.Debug|x64.Build.0 = Debug|x64
		{389388FD-CC17-4EBF-931F-6FF1094B01BB}.Debug|x86.ActiveCfg = Debug|x86
		{389388FD-CC17-4EBF-931F-6FF1094B01BB}.Debug|x86.Build.0 = Debug|x86
		{389388FD-CC17-4EBF-931F-6FF1094B01BB}.Release|Any CPU.ActiveCfg = Release|Any CPU
		{389388FD-CC17-4EBF-931F-6FF1094B01BB}.Release|Any CPU.Build.0 = Release|Any CPU
		{389388FD-CC17-4EBF-931F-6FF1094B01BB}.Release|ARM.ActiveCfg = Release|ARM
		{389388FD-CC17-4EBF-931F-6FF1094B01BB}.Release|ARM.Build.0 = Release|ARM
		{389388FD-CC17-4EBF-931F-6FF1094B01BB}.Release|ARM64.ActiveCfg = Release|ARM64
		{389388FD-CC17-4EBF-931F-6FF1094B01BB}.Release|ARM64.Build.0 = Release|ARM64
		{389388FD-CC17-4EBF-931F-6FF1094B01BB}.Release|x64.ActiveCfg = Release|x64
		{389388FD-CC17-4EBF-931F-6FF1094B01BB}.Release|x64.Build.0 = Release|x64
		{389388FD-CC17-4EBF-931F-6FF1094B01BB}.Release|x86.ActiveCfg = Release|x86
		{389388FD-CC17-4EBF-931F-6FF1094B01BB}.Release|x86.Build.0 = Release|x86
		{173227F6-1A77-480B-BA20-018F7E8C7701}.Debug|Any CPU.ActiveCfg = Debug|Any CPU
		{173227F6-1A77-480B-BA20-018F7E8C7701}.Debug|Any CPU.Build.0 = Debug|Any CPU
		{173227F6-1A77-480B-BA20-018F7E8C7701}.Debug|ARM.ActiveCfg = Debug|ARM
		{173227F6-1A77-480B-BA20-018F7E8C7701}.Debug|ARM.Build.0 = Debug|ARM
		{173227F6-1A77-480B-BA20-018F7E8C7701}.Debug|ARM64.ActiveCfg = Debug|ARM64
		{173227F6-1A77-480B-BA20-018F7E8C7701}.Debug|ARM64.Build.0 = Debug|ARM64
		{173227F6-1A77-480B-BA20-018F7E8C7701}.Debug|x64.ActiveCfg = Debug|x64
		{173227F6-1A77-480B-BA20-018F7E8C7701}.Debug|x64.Build.0 = Debug|x64
		{173227F6-1A77-480B-BA20-018F7E8C7701}.Debug|x86.ActiveCfg = Debug|x86
		{173227F6-1A77-480B-BA20-018F7E8C7701}.Debug|x86.Build.0 = Debug|x86
		{173227F6-1A77-480B-BA20-018F7E8C7701}.Release|Any CPU.ActiveCfg = Release|Any CPU
		{173227F6-1A77-480B-BA20-018F7E8C7701}.Release|Any CPU.Build.0 = Release|Any CPU
		{173227F6-1A77-480B-BA20-018F7E8C7701}.Release|ARM.ActiveCfg = Release|ARM
		{173227F6-1A77-480B-BA20-018F7E8C7701}.Release|ARM.Build.0 = Release|ARM
		{173227F6-1A77-480B-BA20-018F7E8C7701}.Release|ARM64.ActiveCfg = Release|ARM64
		{173227F6-1A77-480B-BA20-018F7E8C7701}.Release|ARM64.Build.0 = Release|ARM64
		{173227F6-1A77-480B-BA20-018F7E8C7701}.Release|x64.ActiveCfg = Release|x64
		{173227F6-1A77-480B-BA20-018F7E8C7701}.Release|x64.Build.0 = Release|x64
		{173227F6-1A77-480B-BA20-018F7E8C7701}.Release|x86.ActiveCfg = Release|x86
		{173227F6-1A77-480B-BA20-018F7E8C7701}.Release|x86.Build.0 = Release|x86
		{F16B67FF-93DD-4D04-9AC2-7CD6649EA684}.Debug|Any CPU.ActiveCfg = Debug|Any CPU
		{F16B67FF-93DD-4D04-9AC2-7CD6649EA684}.Debug|Any CPU.Build.0 = Debug|Any CPU
		{F16B67FF-93DD-4D04-9AC2-7CD6649EA684}.Debug|ARM.ActiveCfg = Debug|ARM
		{F16B67FF-93DD-4D04-9AC2-7CD6649EA684}.Debug|ARM.Build.0 = Debug|ARM
		{F16B67FF-93DD-4D04-9AC2-7CD6649EA684}.Debug|ARM64.ActiveCfg = Debug|ARM64
		{F16B67FF-93DD-4D04-9AC2-7CD6649EA684}.Debug|ARM64.Build.0 = Debug|ARM64
		{F16B67FF-93DD-4D04-9AC2-7CD6649EA684}.Debug|x64.ActiveCfg = Debug|x64
		{F16B67FF-93DD-4D04-9AC2-7CD6649EA684}.Debug|x64.Build.0 = Debug|x64
		{F16B67FF-93DD-4D04-9AC2-7CD6649EA684}.Debug|x86.ActiveCfg = Debug|x86
		{F16B67FF-93DD-4D04-9AC2-7CD6649EA684}.Debug|x86.Build.0 = Debug|x86
		{F16B67FF-93DD-4D04-9AC2-7CD6649EA684}.Release|Any CPU.ActiveCfg = Release|Any CPU
		{F16B67FF-93DD-4D04-9AC2-7CD6649EA684}.Release|Any CPU.Build.0 = Release|Any CPU
		{F16B67FF-93DD-4D04-9AC2-7CD6649EA684}.Release|ARM.ActiveCfg = Release|ARM
		{F16B67FF-93DD-4D04-9AC2-7CD6649EA684}.Release|ARM.Build.0 = Release|ARM
		{F16B67FF-93DD-4D04-9AC2-7CD6649EA684}.Release|ARM64.ActiveCfg = Release|ARM64
		{F16B67FF-93DD-4D04-9AC2-7CD6649EA684}.Release|ARM64.Build.0 = Release|ARM64
		{F16B67FF-93DD-4D04-9AC2-7CD6649EA684}.Release|x64.ActiveCfg = Release|x64
		{F16B67FF-93DD-4D04-9AC2-7CD6649EA684}.Release|x64.Build.0 = Release|x64
		{F16B67FF-93DD-4D04-9AC2-7CD6649EA684}.Release|x86.ActiveCfg = Release|x86
		{F16B67FF-93DD-4D04-9AC2-7CD6649EA684}.Release|x86.Build.0 = Release|x86
		{D575C751-267B-4514-AE55-B3AE21C8D683}.Debug|Any CPU.ActiveCfg = Debug|Any CPU
		{D575C751-267B-4514-AE55-B3AE21C8D683}.Debug|Any CPU.Build.0 = Debug|Any CPU
		{D575C751-267B-4514-AE55-B3AE21C8D683}.Debug|ARM.ActiveCfg = Debug|ARM
		{D575C751-267B-4514-AE55-B3AE21C8D683}.Debug|ARM.Build.0 = Debug|ARM
		{D575C751-267B-4514-AE55-B3AE21C8D683}.Debug|ARM64.ActiveCfg = Debug|ARM64
		{D575C751-267B-4514-AE55-B3AE21C8D683}.Debug|ARM64.Build.0 = Debug|ARM64
		{D575C751-267B-4514-AE55-B3AE21C8D683}.Debug|x64.ActiveCfg = Debug|x64
		{D575C751-267B-4514-AE55-B3AE21C8D683}.Debug|x64.Build.0 = Debug|x64
		{D575C751-267B-4514-AE55-B3AE21C8D683}.Debug|x86.ActiveCfg = Debug|x86
		{D575C751-267B-4514-AE55-B3AE21C8D683}.Debug|x86.Build.0 = Debug|x86
		{D575C751-267B-4514-AE55-B3AE21C8D683}.Release|Any CPU.ActiveCfg = Release|Any CPU
		{D575C751-267B-4514-AE55-B3AE21C8D683}.Release|Any CPU.Build.0 = Release|Any CPU
		{D575C751-267B-4514-AE55-B3AE21C8D683}.Release|ARM.ActiveCfg = Release|ARM
		{D575C751-267B-4514-AE55-B3AE21C8D683}.Release|ARM.Build.0 = Release|ARM
		{D575C751-267B-4514-AE55-B3AE21C8D683}.Release|ARM64.ActiveCfg = Release|ARM64
		{D575C751-267B-4514-AE55-B3AE21C8D683}.Release|ARM64.Build.0 = Release|ARM64
		{D575C751-267B-4514-AE55-B3AE21C8D683}.Release|x64.ActiveCfg = Release|x64
		{D575C751-267B-4514-AE55-B3AE21C8D683}.Release|x64.Build.0 = Release|x64
		{D575C751-267B-4514-AE55-B3AE21C8D683}.Release|x86.ActiveCfg = Release|x86
		{D575C751-267B-4514-AE55-B3AE21C8D683}.Release|x86.Build.0 = Release|x86
		{4D067CFB-DF21-4040-B274-6573C01F5F59}.Debug|Any CPU.ActiveCfg = Debug|Any CPU
		{4D067CFB-DF21-4040-B274-6573C01F5F59}.Debug|Any CPU.Build.0 = Debug|Any CPU
		{4D067CFB-DF21-4040-B274-6573C01F5F59}.Debug|ARM.ActiveCfg = Debug|ARM
		{4D067CFB-DF21-4040-B274-6573C01F5F59}.Debug|ARM.Build.0 = Debug|ARM
		{4D067CFB-DF21-4040-B274-6573C01F5F59}.Debug|ARM64.ActiveCfg = Debug|ARM64
		{4D067CFB-DF21-4040-B274-6573C01F5F59}.Debug|ARM64.Build.0 = Debug|ARM64
		{4D067CFB-DF21-4040-B274-6573C01F5F59}.Debug|x64.ActiveCfg = Debug|x64
		{4D067CFB-DF21-4040-B274-6573C01F5F59}.Debug|x64.Build.0 = Debug|x64
		{4D067CFB-DF21-4040-B274-6573C01F5F59}.Debug|x86.ActiveCfg = Debug|x86
		{4D067CFB-DF21-4040-B274-6573C01F5F59}.Debug|x86.Build.0 = Debug|x86
		{4D067CFB-DF21-4040-B274-6573C01F5F59}.Release|Any CPU.ActiveCfg = Release|Any CPU
		{4D067CFB-DF21-4040-B274-6573C01F5F59}.Release|Any CPU.Build.0 = Release|Any CPU
		{4D067CFB-DF21-4040-B274-6573C01F5F59}.Release|ARM.ActiveCfg = Release|ARM
		{4D067CFB-DF21-4040-B274-6573C01F5F59}.Release|ARM.Build.0 = Release|ARM
		{4D067CFB-DF21-4040-B274-6573C01F5F59}.Release|ARM64.ActiveCfg = Release|ARM64
		{4D067CFB-DF21-4040-B274-6573C01F5F59}.Release|ARM64.Build.0 = Release|ARM64
		{4D067CFB-DF21-4040-B274-6573C01F5F59}.Release|x64.ActiveCfg = Release|x64
		{4D067CFB-DF21-4040-B274-6573C01F5F59}.Release|x64.Build.0 = Release|x64
		{4D067CFB-DF21-4040-B274-6573C01F5F59}.Release|x86.ActiveCfg = Release|x86
		{4D067CFB-DF21-4040-B274-6573C01F5F59}.Release|x86.Build.0 = Release|x86
		{2545D2DE-05FE-4D0D-A36D-E65FECD7596A}.Debug|Any CPU.ActiveCfg = Debug|Any CPU
		{2545D2DE-05FE-4D0D-A36D-E65FECD7596A}.Debug|Any CPU.Build.0 = Debug|Any CPU
		{2545D2DE-05FE-4D0D-A36D-E65FECD7596A}.Debug|ARM.ActiveCfg = Debug|ARM
		{2545D2DE-05FE-4D0D-A36D-E65FECD7596A}.Debug|ARM.Build.0 = Debug|ARM
		{2545D2DE-05FE-4D0D-A36D-E65FECD7596A}.Debug|ARM64.ActiveCfg = Debug|ARM64
		{2545D2DE-05FE-4D0D-A36D-E65FECD7596A}.Debug|ARM64.Build.0 = Debug|ARM64
		{2545D2DE-05FE-4D0D-A36D-E65FECD7596A}.Debug|x64.ActiveCfg = Debug|x64
		{2545D2DE-05FE-4D0D-A36D-E65FECD7596A}.Debug|x64.Build.0 = Debug|x64
		{2545D2DE-05FE-4D0D-A36D-E65FECD7596A}.Debug|x86.ActiveCfg = Debug|x86
		{2545D2DE-05FE-4D0D-A36D-E65FECD7596A}.Debug|x86.Build.0 = Debug|x86
		{2545D2DE-05FE-4D0D-A36D-E65FECD7596A}.Release|Any CPU.ActiveCfg = Release|Any CPU
		{2545D2DE-05FE-4D0D-A36D-E65FECD7596A}.Release|Any CPU.Build.0 = Release|Any CPU
		{2545D2DE-05FE-4D0D-A36D-E65FECD7596A}.Release|ARM.ActiveCfg = Release|ARM
		{2545D2DE-05FE-4D0D-A36D-E65FECD7596A}.Release|ARM.Build.0 = Release|ARM
		{2545D2DE-05FE-4D0D-A36D-E65FECD7596A}.Release|ARM64.ActiveCfg = Release|ARM64
		{2545D2DE-05FE-4D0D-A36D-E65FECD7596A}.Release|ARM64.Build.0 = Release|ARM64
		{2545D2DE-05FE-4D0D-A36D-E65FECD7596A}.Release|x64.ActiveCfg = Release|x64
		{2545D2DE-05FE-4D0D-A36D-E65FECD7596A}.Release|x64.Build.0 = Release|x64
		{2545D2DE-05FE-4D0D-A36D-E65FECD7596A}.Release|x86.ActiveCfg = Release|x86
		{2545D2DE-05FE-4D0D-A36D-E65FECD7596A}.Release|x86.Build.0 = Release|x86
		{D1D482C6-75AA-4EF9-BB67-1946223BC8E5}.Debug|Any CPU.ActiveCfg = Debug|Any CPU
		{D1D482C6-75AA-4EF9-BB67-1946223BC8E5}.Debug|Any CPU.Build.0 = Debug|Any CPU
		{D1D482C6-75AA-4EF9-BB67-1946223BC8E5}.Debug|ARM.ActiveCfg = Debug|ARM
		{D1D482C6-75AA-4EF9-BB67-1946223BC8E5}.Debug|ARM.Build.0 = Debug|ARM
		{D1D482C6-75AA-4EF9-BB67-1946223BC8E5}.Debug|ARM64.ActiveCfg = Debug|ARM64
		{D1D482C6-75AA-4EF9-BB67-1946223BC8E5}.Debug|ARM64.Build.0 = Debug|ARM64
		{D1D482C6-75AA-4EF9-BB67-1946223BC8E5}.Debug|x64.ActiveCfg = Debug|x64
		{D1D482C6-75AA-4EF9-BB67-1946223BC8E5}.Debug|x64.Build.0 = Debug|x64
		{D1D482C6-75AA-4EF9-BB67-1946223BC8E5}.Debug|x86.ActiveCfg = Debug|x86
		{D1D482C6-75AA-4EF9-BB67-1946223BC8E5}.Debug|x86.Build.0 = Debug|x86
		{D1D482C6-75AA-4EF9-BB67-1946223BC8E5}.Release|Any CPU.ActiveCfg = Release|Any CPU
		{D1D482C6-75AA-4EF9-BB67-1946223BC8E5}.Release|Any CPU.Build.0 = Release|Any CPU
		{D1D482C6-75AA-4EF9-BB67-1946223BC8E5}.Release|ARM.ActiveCfg = Release|ARM
		{D1D482C6-75AA-4EF9-BB67-1946223BC8E5}.Release|ARM.Build.0 = Release|ARM
		{D1D482C6-75AA-4EF9-BB67-1946223BC8E5}.Release|ARM64.ActiveCfg = Release|ARM64
		{D1D482C6-75AA-4EF9-BB67-1946223BC8E5}.Release|ARM64.Build.0 = Release|ARM64
		{D1D482C6-75AA-4EF9-BB67-1946223BC8E5}.Release|x64.ActiveCfg = Release|x64
		{D1D482C6-75AA-4EF9-BB67-1946223BC8E5}.Release|x64.Build.0 = Release|x64
		{D1D482C6-75AA-4EF9-BB67-1946223BC8E5}.Release|x86.ActiveCfg = Release|x86
		{D1D482C6-75AA-4EF9-BB67-1946223BC8E5}.Release|x86.Build.0 = Release|x86
	EndGlobalSection
	GlobalSection(SolutionProperties) = preSolution
		HideSolutionNode = FALSE
	EndGlobalSection
	GlobalSection(ExtensibilityGlobals) = postSolution
		SolutionGuid = {1E43D416-08C8-4CD7-9B98-C1C435989745}
	EndGlobalSection
EndGlobal
